
Microsoft Visual Studio Solution File, Format Version 12.00
Project("{FAE04EC0-301F-11D3-BF4B-00C04F79EFBC}") = "FormsAPI", "FormsAPI.csproj", "{509089AF-E7ED-4341-AA0C-F5E9C965DC61}"
EndProject
Global
	GlobalSection(SolutionConfigurationPlatforms) = preSolution
		Debug|Any CPU = Debug|Any CPU
		Release|Any CPU = Release|Any CPU
	EndGlobalSection
	GlobalSection(ProjectConfigurationPlatforms) = postSolution
		{509089AF-E7ED-4341-AA0C-F5E9C965DC61}.Debug|Any CPU.ActiveCfg = Debug|Any CPU
		{509089AF-E7ED-4341-AA0C-F5E9C965DC61}.Debug|Any CPU.Build.0 = Debug|Any CPU
		{509089AF-E7ED-4341-AA0C-F5E9C965DC61}.Release|Any CPU.ActiveCfg = Release|Any CPU
		{509089AF-E7ED-4341-AA0C-F5E9C965DC61}.Release|Any CPU.Build.0 = Release|Any CPU
	EndGlobalSection
EndGlobal
